
Microsoft Visual Studio Solution File, Format Version 12.00
# Visual Studio Version 17
VisualStudioVersion = 17.7.34024.191
MinimumVisualStudioVersion = 10.0.40219.1
Project("{FAE04EC0-301F-11D3-BF4B-00C04F79EFBC}") = "QAA-v1", "QAA-v1\QAA-v1.csproj", "{0B41B060-0DE2-4DB0-8F3D-3844733569A1}"
EndProject
Project("{2150E333-8FDC-42A3-9474-1A3956D46DE8}") = "Solution Items", "Solution Items", "{F97FE450-A3F0-457A-B17E-989B6A612B73}"
EndProject
Global
	GlobalSection(SolutionConfigurationPlatforms) = preSolution
		Debug|Any CPU = Debug|Any CPU
		Release|Any CPU = Release|Any CPU
	EndGlobalSection
	GlobalSection(ProjectConfigurationPlatforms) = postSolution
		{0B41B060-0DE2-4DB0-8F3D-3844733569A1}.Debug|Any CPU.ActiveCfg = Debug|Any CPU
		{0B41B060-0DE2-4DB0-8F3D-3844733569A1}.Debug|Any CPU.Build.0 = Debug|Any CPU
		{0B41B060-0DE2-4DB0-8F3D-3844733569A1}.Release|Any CPU.ActiveCfg = Release|Any CPU
		{0B41B060-0DE2-4DB0-8F3D-3844733569A1}.Release|Any CPU.Build.0 = Release|Any CPU
	EndGlobalSection
	GlobalSection(SolutionProperties) = preSolution
		HideSolutionNode = FALSE
	EndGlobalSection
	GlobalSection(ExtensibilityGlobals) = postSolution
		SolutionGuid = {3D5BEEAA-B2A8-4B54-BFC7-1037381E24B3}
	EndGlobalSection
EndGlobal
